{
  "name": "node-red-contrib-ipwhois",
  "version": "1.0.0",
  "lockfileVersion": 1,
  "requires": true,
  "dependencies": {
    "ip": {
      "version": "1.1.5",
      "resolved": "https://registry.npmjs.org/ip/-/ip-1.1.5.tgz",
      "integrity": "sha1-vd7XARQpCCjAoDnnLvJfWq7ENUo="
    },
    "minimist": {
      "version": "0.0.10",
      "resolved": "https://registry.npmjs.org/minimist/-/minimist-0.0.10.tgz",
      "integrity": "sha1-3j+YVD2/lggr5IrRoMfNqDYwHc8="
    },
    "optimist": {
      "version": "0.6.1",
      "resolved": "https://registry.npmjs.org/optimist/-/optimist-0.6.1.tgz",
      "integrity": "sha1-2j6nRob6IaGaERwybpDrFaAZZoY=",
      "requires": {
        "minimist": "~0.0.1",
        "wordwrap": "~0.0.2"
      }
    },
    "smart-buffer": {
      "version": "4.0.2",
      "resolved": "https://registry.npmjs.org/smart-buffer/-/smart-buffer-4.0.2.tgz",
      "integrity": "sha512-JDhEpTKzXusOqXZ0BUIdH+CjFdO/CR3tLlf5CN34IypI+xMmXW1uB16OOY8z3cICbJlDAVJzNbwBhNO0wt9OAw=="
    },
    "socks": {
      "version": "2.3.2",
      "resolved": "https://registry.npmjs.org/socks/-/socks-2.3.2.tgz",
      "integrity": "sha512-pCpjxQgOByDHLlNqlnh/mNSAxIUkyBBuwwhTcV+enZGbDaClPvHdvm6uvOwZfFJkam7cGhBNbb4JxiP8UZkRvQ==",
      "requires": {
        "ip": "^1.1.5",
        "smart-buffer": "4.0.2"
      }
    },
    "underscore": {
      "version": "1.13.1",
      "resolved": "https://registry.npmjs.org/underscore/-/underscore-1.13.1.tgz",
      "integrity": "sha512-hzSoAVtJF+3ZtiFX0VgfFPHEDRm7Y/QPjGyNo4TVdnDTdft3tr8hEkD25a1jC+TjTuE7tkHGKkhwCgs9dgBB2g=="
    },
    "whois": {
      "version": "2.10.0",
      "resolved": "https://registry.npmjs.org/whois/-/whois-2.10.0.tgz",
      "integrity": "sha512-Cy3szLVYhjvc5LbcT5IA0T40Llqy/urL4gGQvoR1RlT0VYXcDQBAihUGWNIRWVEVVj65YmqcNpXjEOCpbd52gQ==",
      "requires": {
        "optimist": "^0.6.1",
        "socks": "^2.2.2",
        "underscore": "^1.9.1"
      }
    },
    "wordwrap": {
      "version": "0.0.3",
      "resolved": "https://registry.npmjs.org/wordwrap/-/wordwrap-0.0.3.tgz",
      "integrity": "sha1-o9XabNXAvAAI03I0u68b7WMFkQc="
    }
  }
}
